
Microsoft Visual Studio Solution File, Format Version 12.00
# Visual Studio 2013
VisualStudioVersion = 12.0.40629.0
MinimumVisualStudioVersion = 10.0.40219.1
Project("{FAE04EC0-301F-11D3-BF4B-00C04F79EFBC}") = "CryptationSoftware", "CryptationSoftware\CryptationSoftware.csproj", "{D7F62CFD-4BA4-4E1D-AE0B-15FBC0033050}"
EndProject
Project("{FAE04EC0-301F-11D3-BF4B-00C04F79EFBC}") = "ControlCenter", "MainMenu\ControlCenter.csproj", "{A76E832D-3802-4A29-BEE9-E8A338908336}"
EndProject
Global
	GlobalSection(SolutionConfigurationPlatforms) = preSolution
		Debug|Any CPU = Debug|Any CPU
		Release|Any CPU = Release|Any CPU
	EndGlobalSection
	GlobalSection(ProjectConfigurationPlatforms) = postSolution
		{D7F62CFD-4BA4-4E1D-AE0B-15FBC0033050}.Debug|Any CPU.ActiveCfg = Debug|Any CPU
		{D7F62CFD-4BA4-4E1D-AE0B-15FBC0033050}.Debug|Any CPU.Build.0 = Debug|Any CPU
		{D7F62CFD-4BA4-4E1D-AE0B-15FBC0033050}.Release|Any CPU.ActiveCfg = Release|Any CPU
		{D7F62CFD-4BA4-4E1D-AE0B-15FBC0033050}.Release|Any CPU.Build.0 = Release|Any CPU
		{A76E832D-3802-4A29-BEE9-E8A338908336}.Debug|Any CPU.ActiveCfg = Debug|Any CPU
		{A76E832D-3802-4A29-BEE9-E8A338908336}.Debug|Any CPU.Build.0 = Debug|Any CPU
		{A76E832D-3802-4A29-BEE9-E8A338908336}.Release|Any CPU.ActiveCfg = Release|Any CPU
		{A76E832D-3802-4A29-BEE9-E8A338908336}.Release|Any CPU.Build.0 = Release|Any CPU
	EndGlobalSection
	GlobalSection(SolutionProperties) = preSolution
		HideSolutionNode = FALSE
	EndGlobalSection
EndGlobal
